
Microsoft Visual Studio Solution File, Format Version 12.00
# Visual Studio Version 16
VisualStudioVersion = 16.0.31515.178
MinimumVisualStudioVersion = 10.0.40219.1
Project("{FAE04EC0-301F-11D3-BF4B-00C04F79EFBC}") = "OrtopediaDM", "OrtopediaDM.csproj", "{9FC91095-BF2D-4608-A207-D33C479E6980}"
EndProject
Global
	GlobalSection(SolutionConfigurationPlatforms) = preSolution
		Debug|Any CPU = Debug|Any CPU
		Release|Any CPU = Release|Any CPU
	EndGlobalSection
	GlobalSection(ProjectConfigurationPlatforms) = postSolution
		{9FC91095-BF2D-4608-A207-D33C479E6980}.Debug|Any CPU.ActiveCfg = Debug|Any CPU
		{9FC91095-BF2D-4608-A207-D33C479E6980}.Debug|Any CPU.Build.0 = Debug|Any CPU
		{9FC91095-BF2D-4608-A207-D33C479E6980}.Release|Any CPU.ActiveCfg = Release|Any CPU
		{9FC91095-BF2D-4608-A207-D33C479E6980}.Release|Any CPU.Build.0 = Release|Any CPU
	EndGlobalSection
	GlobalSection(SolutionProperties) = preSolution
		HideSolutionNode = FALSE
	EndGlobalSection
	GlobalSection(ExtensibilityGlobals) = postSolution
		SolutionGuid = {1D73EAFD-E296-4CE1-9994-E73B541629A7}
	EndGlobalSection
EndGlobal
